// !$*UTF8*$!
{
	archiveVersion = 1;
	classes = {
	};
	objectVersion = 46;
	objects = {

/* Begin PBXBuildFile section */
		EB1198541533A74A00645B5F /* UIKit.framework in Frameworks */ = {isa = PBXBuildFile; fileRef = EB1198531533A74A00645B5F /* UIKit.framework */; };
		EB1198561533A74A00645B5F /* Foundation.framework in Frameworks */ = {isa = PBXBuildFile; fileRef = EB1198551533A74A00645B5F /* Foundation.framework */; };
		EB1198581533A74A00645B5F /* CoreGraphics.framework in Frameworks */ = {isa = PBXBuildFile; fileRef = EB1198571533A74A00645B5F /* CoreGraphics.framework */; };
		EB11985E1533A74A00645B5F /* InfoPlist.strings in Resources */ = {isa = PBXBuildFile; fileRef = EB11985C1533A74A00645B5F /* InfoPlist.strings */; };
		EB1198601533A74A00645B5F /* main.m in Sources */ = {isa = PBXBuildFile; fileRef = EB11985F1533A74A00645B5F /* main.m */; };
		EB1198641533A74A00645B5F /* AppDelegate.m in Sources */ = {isa = PBXBuildFile; fileRef = EB1198631533A74A00645B5F /* AppDelegate.m */; };
		EB1198671533A74A00645B5F /* HomeViewController.m in Sources */ = {isa = PBXBuildFile; fileRef = EB1198661533A74A00645B5F /* HomeViewController.m */; };
		EB11986E1533A74A00645B5F /* EmpresaViewController.m in Sources */ = {isa = PBXBuildFile; fileRef = EB11986D1533A74A00645B5F /* EmpresaViewController.m */; };
		EB1198901533B34000645B5F /* ContatoViewController.m in Sources */ = {isa = PBXBuildFile; fileRef = EB11988A1533B34000645B5F /* ContatoViewController.m */; };
		EB1198911533B34000645B5F /* ParceirosViewController.m in Sources */ = {isa = PBXBuildFile; fileRef = EB11988B1533B34000645B5F /* ParceirosViewController.m */; };
		EB1198921533B34000645B5F /* CasosViewController.m in Sources */ = {isa = PBXBuildFile; fileRef = EB11988C1533B34000645B5F /* CasosViewController.m */; };
		EB11989E1533B55300645B5F /* ContatoViewController_iPhone.xib in Resources */ = {isa = PBXBuildFile; fileRef = EB1198941533B55300645B5F /* ContatoViewController_iPhone.xib */; };
		EB11989F1533B55300645B5F /* ParceirosViewController_iPhone.xib in Resources */ = {isa = PBXBuildFile; fileRef = EB1198951533B55300645B5F /* ParceirosViewController_iPhone.xib */; };
		EB1198A01533B55300645B5F /* CasosViewController_iPhone.xib in Resources */ = {isa = PBXBuildFile; fileRef = EB1198961533B55300645B5F /* CasosViewController_iPhone.xib */; };
		EB1198A11533B55300645B5F /* ContatoViewController_iPad.xib in Resources */ = {isa = PBXBuildFile; fileRef = EB1198971533B55300645B5F /* ContatoViewController_iPad.xib */; };
		EB1198A21533B55300645B5F /* ParceirosViewController_iPad.xib in Resources */ = {isa = PBXBuildFile; fileRef = EB1198981533B55300645B5F /* ParceirosViewController_iPad.xib */; };
		EB1198A31533B55300645B5F /* CasosViewController_iPad.xib in Resources */ = {isa = PBXBuildFile; fileRef = EB1198991533B55300645B5F /* CasosViewController_iPad.xib */; };
		EB1198A41533B55300645B5F /* EmpresaViewController_iPad.xib in Resources */ = {isa = PBXBuildFile; fileRef = EB11989A1533B55300645B5F /* EmpresaViewController_iPad.xib */; };
		EB1198A51533B55300645B5F /* EmpresaViewController_iPhone.xib in Resources */ = {isa = PBXBuildFile; fileRef = EB11989B1533B55300645B5F /* EmpresaViewController_iPhone.xib */; };
		EB1198A61533B55300645B5F /* HomeViewController_iPad.xib in Resources */ = {isa = PBXBuildFile; fileRef = EB11989C1533B55300645B5F /* HomeViewController_iPad.xib */; };
		EB1198A71533B55300645B5F /* HomeViewController_iPhone.xib in Resources */ = {isa = PBXBuildFile; fileRef = EB11989D1533B55300645B5F /* HomeViewController_iPhone.xib */; };
		EB1198D81533C45A00645B5F /* MainWindow_iPhone.xib in Resources */ = {isa = PBXBuildFile; fileRef = EB1198DA1533C45A00645B5F /* MainWindow_iPhone.xib */; };
		EB1982871533E50D0083437B /* logo copy.png in Resources */ = {isa = PBXBuildFile; fileRef = EB1982861533E50D0083437B /* logo copy.png */; };
		EBE1D70F1533D0FC000C3248 /* AreasAtuacaoViewController.m in Sources */ = {isa = PBXBuildFile; fileRef = EBE1D70E1533D0FC000C3248 /* AreasAtuacaoViewController.m */; };
		EBE1D7121533D5A1000C3248 /* CursosAreasAtuacaoViewController.m in Sources */ = {isa = PBXBuildFile; fileRef = EBE1D7111533D5A1000C3248 /* CursosAreasAtuacaoViewController.m */; };
		EBE1D7141533DF91000C3248 /* WebViewController_iPhone.xib in Resources */ = {isa = PBXBuildFile; fileRef = EBE1D7131533DF91000C3248 /* WebViewController_iPhone.xib */; };
		EBE1D7171533DFD3000C3248 /* WebViewController.m in Sources */ = {isa = PBXBuildFile; fileRef = EBE1D7161533DFD3000C3248 /* WebViewController.m */; };
/* End PBXBuildFile section */

/* Begin PBXFileReference section */
		EB11984F1533A74A00645B5F /* EESC-JR.app */ = {isa = PBXFileReference; explicitFileType = wrapper.application; includeInIndex = 0; path = "EESC-JR.app"; sourceTree = BUILT_PRODUCTS_DIR; };
		EB1198531533A74A00645B5F /* UIKit.framework */ = {isa = PBXFileReference; lastKnownFileType = wrapper.framework; name = UIKit.framework; path = System/Library/Frameworks/UIKit.framework; sourceTree = SDKROOT; };
		EB1198551533A74A00645B5F /* Foundation.framework */ = {isa = PBXFileReference; lastKnownFileType = wrapper.framework; name = Foundation.framework; path = System/Library/Frameworks/Foundation.framework; sourceTree = SDKROOT; };
		EB1198571533A74A00645B5F /* CoreGraphics.framework */ = {isa = PBXFileReference; lastKnownFileType = wrapper.framework; name = CoreGraphics.framework; path = System/Library/Frameworks/CoreGraphics.framework; sourceTree = SDKROOT; };
		EB11985B1533A74A00645B5F /* EESC-JR-Info.plist */ = {isa = PBXFileReference; lastKnownFileType = text.plist.xml; path = "EESC-JR-Info.plist"; sourceTree = "<group>"; };
		EB11985D1533A74A00645B5F /* en */ = {isa = PBXFileReference; lastKnownFileType = text.plist.strings; name = en; path = en.lproj/InfoPlist.strings; sourceTree = "<group>"; };
		EB11985F1533A74A00645B5F /* main.m */ = {isa = PBXFileReference; lastKnownFileType = sourcecode.c.objc; path = main.m; sourceTree = "<group>"; };
		EB1198611533A74A00645B5F /* EESC-JR-Prefix.pch */ = {isa = PBXFileReference; lastKnownFileType = sourcecode.c.h; path = "EESC-JR-Prefix.pch"; sourceTree = "<group>"; };
		EB1198621533A74A00645B5F /* AppDelegate.h */ = {isa = PBXFileReference; lastKnownFileType = sourcecode.c.h; path = AppDelegate.h; sourceTree = "<group>"; };
		EB1198631533A74A00645B5F /* AppDelegate.m */ = {isa = PBXFileReference; lastKnownFileType = sourcecode.c.objc; path = AppDelegate.m; sourceTree = "<group>"; };
		EB1198651533A74A00645B5F /* HomeViewController.h */ = {isa = PBXFileReference; lastKnownFileType = sourcecode.c.h; path = HomeViewController.h; sourceTree = "<group>"; };
		EB1198661533A74A00645B5F /* HomeViewController.m */ = {isa = PBXFileReference; lastKnownFileType = sourcecode.c.objc; path = HomeViewController.m; sourceTree = "<group>"; };
		EB11986C1533A74A00645B5F /* EmpresaViewController.h */ = {isa = PBXFileReference; lastKnownFileType = sourcecode.c.h; path = EmpresaViewController.h; sourceTree = "<group>"; };
		EB11986D1533A74A00645B5F /* EmpresaViewController.m */ = {isa = PBXFileReference; lastKnownFileType = sourcecode.c.objc; path = EmpresaViewController.m; sourceTree = "<group>"; };
		EB11988A1533B34000645B5F /* ContatoViewController.m */ = {isa = PBXFileReference; fileEncoding = 4; lastKnownFileType = sourcecode.c.objc; path = ContatoViewController.m; sourceTree = "<group>"; };
		EB11988B1533B34000645B5F /* ParceirosViewController.m */ = {isa = PBXFileReference; fileEncoding = 4; lastKnownFileType = sourcecode.c.objc; path = ParceirosViewController.m; sourceTree = "<group>"; };
		EB11988C1533B34000645B5F /* CasosViewController.m */ = {isa = PBXFileReference; fileEncoding = 4; lastKnownFileType = sourcecode.c.objc; path = CasosViewController.m; sourceTree = "<group>"; };
		EB11988D1533B34000645B5F /* ContatoViewController.h */ = {isa = PBXFileReference; fileEncoding = 4; lastKnownFileType = sourcecode.c.h; path = ContatoViewController.h; sourceTree = "<group>"; };
		EB11988E1533B34000645B5F /* ParceirosViewController.h */ = {isa = PBXFileReference; fileEncoding = 4; lastKnownFileType = sourcecode.c.h; path = ParceirosViewController.h; sourceTree = "<group>"; };
		EB11988F1533B34000645B5F /* CasosViewController.h */ = {isa = PBXFileReference; fileEncoding = 4; lastKnownFileType = sourcecode.c.h; path = CasosViewController.h; sourceTree = "<group>"; };
		EB1198941533B55300645B5F /* ContatoViewController_iPhone.xib */ = {isa = PBXFileReference; fileEncoding = 4; lastKnownFileType = file.xib; path = ContatoViewController_iPhone.xib; sourceTree = "<group>"; };
		EB1198951533B55300645B5F /* ParceirosViewController_iPhone.xib */ = {isa = PBXFileReference; fileEncoding = 4; lastKnownFileType = file.xib; path = ParceirosViewController_iPhone.xib; sourceTree = "<group>"; };
		EB1198961533B55300645B5F /* CasosViewController_iPhone.xib */ = {isa = PBXFileReference; fileEncoding = 4; lastKnownFileType = file.xib; path = CasosViewController_iPhone.xib; sourceTree = "<group>"; };
		EB1198971533B55300645B5F /* ContatoViewController_iPad.xib */ = {isa = PBXFileReference; fileEncoding = 4; lastKnownFileType = file.xib; path = ContatoViewController_iPad.xib; sourceTree = "<group>"; };
		EB1198981533B55300645B5F /* ParceirosViewController_iPad.xib */ = {isa = PBXFileReference; fileEncoding = 4; lastKnownFileType = file.xib; path = ParceirosViewController_iPad.xib; sourceTree = "<group>"; };
		EB1198991533B55300645B5F /* CasosViewController_iPad.xib */ = {isa = PBXFileReference; fileEncoding = 4; lastKnownFileType = file.xib; path = CasosViewController_iPad.xib; sourceTree = "<group>"; };
		EB11989A1533B55300645B5F /* EmpresaViewController_iPad.xib */ = {isa = PBXFileReference; fileEncoding = 4; lastKnownFileType = file.xib; path = EmpresaViewController_iPad.xib; sourceTree = "<group>"; };
		EB11989B1533B55300645B5F /* EmpresaViewController_iPhone.xib */ = {isa = PBXFileReference; fileEncoding = 4; lastKnownFileType = file.xib; path = EmpresaViewController_iPhone.xib; sourceTree = "<group>"; };
		EB11989C1533B55300645B5F /* HomeViewController_iPad.xib */ = {isa = PBXFileReference; fileEncoding = 4; lastKnownFileType = file.xib; path = HomeViewController_iPad.xib; sourceTree = "<group>"; };
		EB11989D1533B55300645B5F /* HomeViewController_iPhone.xib */ = {isa = PBXFileReference; fileEncoding = 4; lastKnownFileType = file.xib; path = HomeViewController_iPhone.xib; sourceTree = "<group>"; };
		EB1198D91533C45A00645B5F /* en */ = {isa = PBXFileReference; lastKnownFileType = file.xib; name = en; path = en.lproj/MainWindow_iPhone.xib; sourceTree = "<group>"; };
		EB1982861533E50D0083437B /* logo copy.png */ = {isa = PBXFileReference; lastKnownFileType = image.png; path = "logo copy.png"; sourceTree = "<group>"; };
		EBE1D70D1533D0FC000C3248 /* AreasAtuacaoViewController.h */ = {isa = PBXFileReference; fileEncoding = 4; lastKnownFileType = sourcecode.c.h; path = AreasAtuacaoViewController.h; sourceTree = "<group>"; };
		EBE1D70E1533D0FC000C3248 /* AreasAtuacaoViewController.m */ = {isa = PBXFileReference; fileEncoding = 4; lastKnownFileType = sourcecode.c.objc; path = AreasAtuacaoViewController.m; sourceTree = "<group>"; };
		EBE1D7101533D5A1000C3248 /* CursosAreasAtuacaoViewController.h */ = {isa = PBXFileReference; fileEncoding = 4; lastKnownFileType = sourcecode.c.h; path = CursosAreasAtuacaoViewController.h; sourceTree = "<group>"; };
		EBE1D7111533D5A1000C3248 /* CursosAreasAtuacaoViewController.m */ = {isa = PBXFileReference; fileEncoding = 4; lastKnownFileType = sourcecode.c.objc; path = CursosAreasAtuacaoViewController.m; sourceTree = "<group>"; };
		EBE1D7131533DF91000C3248 /* WebViewController_iPhone.xib */ = {isa = PBXFileReference; fileEncoding = 4; lastKnownFileType = file.xib; path = WebViewController_iPhone.xib; sourceTree = "<group>"; };
		EBE1D7151533DFD3000C3248 /* WebViewController.h */ = {isa = PBXFileReference; fileEncoding = 4; lastKnownFileType = sourcecode.c.h; path = WebViewController.h; sourceTree = "<group>"; };
		EBE1D7161533DFD3000C3248 /* WebViewController.m */ = {isa = PBXFileReference; fileEncoding = 4; lastKnownFileType = sourcecode.c.objc; path = WebViewController.m; sourceTree = "<group>"; };
/* End PBXFileReference section */

/* Begin PBXFrameworksBuildPhase section */
		EB11984C1533A74A00645B5F /* Frameworks */ = {
			isa = PBXFrameworksBuildPhase;
			buildActionMask = 2147483647;
			files = (
				EB1198541533A74A00645B5F /* UIKit.framework in Frameworks */,
				EB1198561533A74A00645B5F /* Foundation.framework in Frameworks */,
				EB1198581533A74A00645B5F /* CoreGraphics.framework in Frameworks */,
			);
			runOnlyForDeploymentPostprocessing = 0;
		};
/* End PBXFrameworksBuildPhase section */

/* Begin PBXGroup section */
		EB1198441533A74A00645B5F = {
			isa = PBXGroup;
			children = (
				EB1198591533A74A00645B5F /* Classes */,
				EB1198931533B37900645B5F /* Interface */,
				EB1198521533A74A00645B5F /* Frameworks */,
				EB1198501533A74A00645B5F /* Products */,
			);
			sourceTree = "<group>";
		};
		EB1198501533A74A00645B5F /* Products */ = {
			isa = PBXGroup;
			children = (
				EB11984F1533A74A00645B5F /* EESC-JR.app */,
			);
			name = Products;
			sourceTree = "<group>";
		};
		EB1198521533A74A00645B5F /* Frameworks */ = {
			isa = PBXGroup;
			children = (
				EB1198531533A74A00645B5F /* UIKit.framework */,
				EB1198551533A74A00645B5F /* Foundation.framework */,
				EB1198571533A74A00645B5F /* CoreGraphics.framework */,
			);
			name = Frameworks;
			sourceTree = "<group>";
		};
		EB1198591533A74A00645B5F /* Classes */ = {
			isa = PBXGroup;
			children = (
				EB1198621533A74A00645B5F /* AppDelegate.h */,
				EB1198631533A74A00645B5F /* AppDelegate.m */,
				EB1198651533A74A00645B5F /* HomeViewController.h */,
				EB1198661533A74A00645B5F /* HomeViewController.m */,
				EB11986C1533A74A00645B5F /* EmpresaViewController.h */,
				EB11986D1533A74A00645B5F /* EmpresaViewController.m */,
				EBE1D70D1533D0FC000C3248 /* AreasAtuacaoViewController.h */,
				EBE1D70E1533D0FC000C3248 /* AreasAtuacaoViewController.m */,
				EBE1D7101533D5A1000C3248 /* CursosAreasAtuacaoViewController.h */,
				EBE1D7111533D5A1000C3248 /* CursosAreasAtuacaoViewController.m */,
				EB11988F1533B34000645B5F /* CasosViewController.h */,
				EB11988C1533B34000645B5F /* CasosViewController.m */,
				EB11988E1533B34000645B5F /* ParceirosViewController.h */,
				EB11988B1533B34000645B5F /* ParceirosViewController.m */,
				EB11988D1533B34000645B5F /* ContatoViewController.h */,
				EB11988A1533B34000645B5F /* ContatoViewController.m */,
				EBE1D7151533DFD3000C3248 /* WebViewController.h */,
				EBE1D7161533DFD3000C3248 /* WebViewController.m */,
				EB1982861533E50D0083437B /* logo copy.png */,
				EB11985A1533A74A00645B5F /* Supporting Files */,
			);
			name = Classes;
			path = "EESC-JR";
			sourceTree = "<group>";
		};
		EB11985A1533A74A00645B5F /* Supporting Files */ = {
			isa = PBXGroup;
			children = (
				EB11985B1533A74A00645B5F /* EESC-JR-Info.plist */,
				EB11985C1533A74A00645B5F /* InfoPlist.strings */,
				EB11985F1533A74A00645B5F /* main.m */,
				EB1198611533A74A00645B5F /* EESC-JR-Prefix.pch */,
			);
			name = "Supporting Files";
			sourceTree = "<group>";
		};
		EB1198931533B37900645B5F /* Interface */ = {
			isa = PBXGroup;
			children = (
				EB1198DA1533C45A00645B5F /* MainWindow_iPhone.xib */,
				EB11989C1533B55300645B5F /* HomeViewController_iPad.xib */,
				EB11989D1533B55300645B5F /* HomeViewController_iPhone.xib */,
				EB11989A1533B55300645B5F /* EmpresaViewController_iPad.xib */,
				EB11989B1533B55300645B5F /* EmpresaViewController_iPhone.xib */,
				EB1198991533B55300645B5F /* CasosViewController_iPad.xib */,
				EB1198961533B55300645B5F /* CasosViewController_iPhone.xib */,
				EB1198981533B55300645B5F /* ParceirosViewController_iPad.xib */,
				EB1198951533B55300645B5F /* ParceirosViewController_iPhone.xib */,
				EB1198971533B55300645B5F /* ContatoViewController_iPad.xib */,
				EB1198941533B55300645B5F /* ContatoViewController_iPhone.xib */,
				EBE1D7131533DF91000C3248 /* WebViewController_iPhone.xib */,
			);
			name = Interface;
			path = "EESC-JR";
			sourceTree = "<group>";
		};
/* End PBXGroup section */

/* Begin PBXNativeTarget section */
		EB11984E1533A74A00645B5F /* EESC-JR */ = {
			isa = PBXNativeTarget;
			buildConfigurationList = EB1198811533A74A00645B5F /* Build configuration list for PBXNativeTarget "EESC-JR" */;
			buildPhases = (
				EB11984B1533A74A00645B5F /* Sources */,
				EB11984C1533A74A00645B5F /* Frameworks */,
				EB11984D1533A74A00645B5F /* Resources */,
			);
			buildRules = (
			);
			dependencies = (
			);
			name = "EESC-JR";
			productName = "EESC-JR";
			productReference = EB11984F1533A74A00645B5F /* EESC-JR.app */;
			productType = "com.apple.product-type.application";
		};
/* End PBXNativeTarget section */

/* Begin PBXProject section */
		EB1198461533A74A00645B5F /* Project object */ = {
			isa = PBXProject;
			attributes = {
				LastUpgradeCheck = 0430;
			};
			buildConfigurationList = EB1198491533A74A00645B5F /* Build configuration list for PBXProject "EESC-JR" */;
			compatibilityVersion = "Xcode 3.2";
			developmentRegion = English;
			hasScannedForEncodings = 0;
			knownRegions = (
				en,
				pt,
			);
			mainGroup = EB1198441533A74A00645B5F;
			productRefGroup = EB1198501533A74A00645B5F /* Products */;
			projectDirPath = "";
			projectRoot = "";
			targets = (
				EB11984E1533A74A00645B5F /* EESC-JR */,
			);
		};
/* End PBXProject section */

/* Begin PBXResourcesBuildPhase section */
		EB11984D1533A74A00645B5F /* Resources */ = {
			isa = PBXResourcesBuildPhase;
			buildActionMask = 2147483647;
			files = (
				EB11985E1533A74A00645B5F /* InfoPlist.strings in Resources */,
				EB11989E1533B55300645B5F /* ContatoViewController_iPhone.xib in Resources */,
				EB11989F1533B55300645B5F /* ParceirosViewController_iPhone.xib in Resources */,
				EB1198A01533B55300645B5F /* CasosViewController_iPhone.xib in Resources */,
				EB1198A11533B55300645B5F /* ContatoViewController_iPad.xib in Resources */,
				EB1198A21533B55300645B5F /* ParceirosViewController_iPad.xib in Resources */,
				EB1198A31533B55300645B5F /* CasosViewController_iPad.xib in Resources */,
				EB1198A41533B55300645B5F /* EmpresaViewController_iPad.xib in Resources */,
				EB1198A51533B55300645B5F /* EmpresaViewController_iPhone.xib in Resources */,
				EB1198A61533B55300645B5F /* HomeViewController_iPad.xib in Resources */,
				EB1198A71533B55300645B5F /* HomeViewController_iPhone.xib in Resources */,
				EB1198D81533C45A00645B5F /* MainWindow_iPhone.xib in Resources */,
				EBE1D7141533DF91000C3248 /* WebViewController_iPhone.xib in Resources */,
				EB1982871533E50D0083437B /* logo copy.png in Resources */,
			);
			runOnlyForDeploymentPostprocessing = 0;
		};
/* End PBXResourcesBuildPhase section */

/* Begin PBXSourcesBuildPhase section */
		EB11984B1533A74A00645B5F /* Sources */ = {
			isa = PBXSourcesBuildPhase;
			buildActionMask = 2147483647;
			files = (
				EB1198601533A74A00645B5F /* main.m in Sources */,
				EB1198641533A74A00645B5F /* AppDelegate.m in Sources */,
				EB1198671533A74A00645B5F /* HomeViewController.m in Sources */,
				EB11986E1533A74A00645B5F /* EmpresaViewController.m in Sources */,
				EB1198901533B34000645B5F /* ContatoViewController.m in Sources */,
				EB1198911533B34000645B5F /* ParceirosViewController.m in Sources */,
				EB1198921533B34000645B5F /* CasosViewController.m in Sources */,
				EBE1D70F1533D0FC000C3248 /* AreasAtuacaoViewController.m in Sources */,
				EBE1D7121533D5A1000C3248 /* CursosAreasAtuacaoViewController.m in Sources */,
				EBE1D7171533DFD3000C3248 /* WebViewController.m in Sources */,
			);
			runOnlyForDeploymentPostprocessing = 0;
		};
/* End PBXSourcesBuildPhase section */

/* Begin PBXVariantGroup section */
		EB11985C1533A74A00645B5F /* InfoPlist.strings */ = {
			isa = PBXVariantGroup;
			children = (
				EB11985D1533A74A00645B5F /* en */,
			);
			name = InfoPlist.strings;
			sourceTree = "<group>";
		};
		EB1198DA1533C45A00645B5F /* MainWindow_iPhone.xib */ = {
			isa = PBXVariantGroup;
			children = (
				EB1198D91533C45A00645B5F /* en */,
			);
			name = MainWindow_iPhone.xib;
			sourceTree = "<group>";
		};
/* End PBXVariantGroup section */

/* Begin XCBuildConfiguration section */
		EB11987F1533A74A00645B5F /* Debug */ = {
			isa = XCBuildConfiguration;
			buildSettings = {
				ALWAYS_SEARCH_USER_PATHS = NO;
				ARCHS = "$(ARCHS_STANDARD_32_BIT)";
				CLANG_ENABLE_OBJC_ARC = YES;
				"CODE_SIGN_IDENTITY[sdk=iphoneos*]" = "iPhone Developer";
				COPY_PHASE_STRIP = NO;
				GCC_C_LANGUAGE_STANDARD = gnu99;
				GCC_DYNAMIC_NO_PIC = NO;
				GCC_OPTIMIZATION_LEVEL = 0;
				GCC_PREPROCESSOR_DEFINITIONS = (
					"DEBUG=1",
					"$(inherited)",
				);
				GCC_SYMBOLS_PRIVATE_EXTERN = NO;
				GCC_VERSION = com.apple.compilers.llvm.clang.1_0;
				GCC_WARN_ABOUT_RETURN_TYPE = YES;
				GCC_WARN_UNINITIALIZED_AUTOS = YES;
				GCC_WARN_UNUSED_VARIABLE = YES;
				IPHONEOS_DEPLOYMENT_TARGET = 5.1;
				SDKROOT = iphoneos;
				TARGETED_DEVICE_FAMILY = "1,2";
			};
			name = Debug;
		};
		EB1198801533A74A00645B5F /* Release */ = {
			isa = XCBuildConfiguration;
			buildSettings = {
				ALWAYS_SEARCH_USER_PATHS = NO;
				ARCHS = "$(ARCHS_STANDARD_32_BIT)";
				CLANG_ENABLE_OBJC_ARC = YES;
				"CODE_SIGN_IDENTITY[sdk=iphoneos*]" = "iPhone Developer";
				COPY_PHASE_STRIP = YES;
				GCC_C_LANGUAGE_STANDARD = gnu99;
				GCC_VERSION = com.apple.compilers.llvm.clang.1_0;
				GCC_WARN_ABOUT_RETURN_TYPE = YES;
				GCC_WARN_UNINITIALIZED_AUTOS = YES;
				GCC_WARN_UNUSED_VARIABLE = YES;
				IPHONEOS_DEPLOYMENT_TARGET = 5.1;
				OTHER_CFLAGS = "-DNS_BLOCK_ASSERTIONS=1";
				SDKROOT = iphoneos;
				TARGETED_DEVICE_FAMILY = "1,2";
				VALIDATE_PRODUCT = YES;
			};
			name = Release;
		};
		EB1198821533A74A00645B5F /* Debug */ = {
			isa = XCBuildConfiguration;
			buildSettings = {
				GCC_PRECOMPILE_PREFIX_HEADER = YES;
				GCC_PREFIX_HEADER = "EESC-JR/EESC-JR-Prefix.pch";
				INFOPLIST_FILE = "EESC-JR/EESC-JR-Info.plist";
				PRODUCT_NAME = "$(TARGET_NAME)";
				WRAPPER_EXTENSION = app;
			};
			name = Debug;
		};
		EB1198831533A74A00645B5F /* Release */ = {
			isa = XCBuildConfiguration;
			buildSettings = {
				GCC_PRECOMPILE_PREFIX_HEADER = YES;
				GCC_PREFIX_HEADER = "EESC-JR/EESC-JR-Prefix.pch";
				INFOPLIST_FILE = "EESC-JR/EESC-JR-Info.plist";
				PRODUCT_NAME = "$(TARGET_NAME)";
				WRAPPER_EXTENSION = app;
			};
			name = Release;
		};
/* End XCBuildConfiguration section */

/* Begin XCConfigurationList section */
		EB1198491533A74A00645B5F /* Build configuration list for PBXProject "EESC-JR" */ = {
			isa = XCConfigurationList;
			buildConfigurations = (
				EB11987F1533A74A00645B5F /* Debug */,
				EB1198801533A74A00645B5F /* Release */,
			);
			defaultConfigurationIsVisible = 0;
			defaultConfigurationName = Release;
		};
		EB1198811533A74A00645B5F /* Build configuration list for PBXNativeTarget "EESC-JR" */ = {
			isa = XCConfigurationList;
			buildConfigurations = (
				EB1198821533A74A00645B5F /* Debug */,
				EB1198831533A74A00645B5F /* Release */,
			);
			defaultConfigurationIsVisible = 0;
			defaultConfigurationName = Release;
		};
/* End XCConfigurationList section */
	};
	rootObject = EB1198461533A74A00645B5F /* Project object */;
}
