// !$*UTF8*$!
{
	archiveVersion = 1;
	classes = {
	};
	objectVersion = 46;
	objects = {

/* Begin PBXBuildFile section */
		EB1198541533A74A00645B5F /* UIKit.framework in Frameworks */ = {isa = PBXBuildFile; fileRef = EB1198531533A74A00645B5F /* UIKit.framework */; };
		EB1198561533A74A00645B5F /* Foundation.framework in Frameworks */ = {isa = PBXBuildFile; fileRef = EB1198551533A74A00645B5F /* Foundation.framework */; };
		EB1198581533A74A00645B5F /* CoreGraphics.framework in Frameworks */ = {isa = PBXBuildFile; fileRef = EB1198571533A74A00645B5F /* CoreGraphics.framework */; };
		EB11985E1533A74A00645B5F /* InfoPlist.strings in Resources */ = {isa = PBXBuildFile; fileRef = EB11985C1533A74A00645B5F /* InfoPlist.strings */; };
		EB1198601533A74A00645B5F /* main.m in Sources */ = {isa = PBXBuildFile; fileRef = EB11985F1533A74A00645B5F /* main.m */; };
		EB1198641533A74A00645B5F /* AppDelegate.m in Sources */ = {isa = PBXBuildFile; fileRef = EB1198631533A74A00645B5F /* AppDelegate.m */; };
		EB1198671533A74A00645B5F /* HomeViewController.m in Sources */ = {isa = PBXBuildFile; fileRef = EB1198661533A74A00645B5F /* HomeViewController.m */; };
		EB11986E1533A74A00645B5F /* EmpresaViewController.m in Sources */ = {isa = PBXBuildFile; fileRef = EB11986D1533A74A00645B5F /* EmpresaViewController.m */; };
		EB1198911533B34000645B5F /* ParceirosViewController.m in Sources */ = {isa = PBXBuildFile; fileRef = EB11988B1533B34000645B5F /* ParceirosViewController.m */; };
		EB1198921533B34000645B5F /* CasosViewController.m in Sources */ = {isa = PBXBuildFile; fileRef = EB11988C1533B34000645B5F /* CasosViewController.m */; };
		EB11989E1533B55300645B5F /* ContatoViewController_iPhone.xib in Resources */ = {isa = PBXBuildFile; fileRef = EB1198941533B55300645B5F /* ContatoViewController_iPhone.xib */; };
		EB11989F1533B55300645B5F /* ParceirosViewController_iPhone.xib in Resources */ = {isa = PBXBuildFile; fileRef = EB1198951533B55300645B5F /* ParceirosViewController_iPhone.xib */; };
		EB1198A01533B55300645B5F /* CasosViewController_iPhone.xib in Resources */ = {isa = PBXBuildFile; fileRef = EB1198961533B55300645B5F /* CasosViewController_iPhone.xib */; };
		EB1198A11533B55300645B5F /* ContatoViewController_iPad.xib in Resources */ = {isa = PBXBuildFile; fileRef = EB1198971533B55300645B5F /* ContatoViewController_iPad.xib */; };
		EB1198A21533B55300645B5F /* ParceirosViewController_iPad.xib in Resources */ = {isa = PBXBuildFile; fileRef = EB1198981533B55300645B5F /* ParceirosViewController_iPad.xib */; };
		EB1198A31533B55300645B5F /* CasosViewController_iPad.xib in Resources */ = {isa = PBXBuildFile; fileRef = EB1198991533B55300645B5F /* CasosViewController_iPad.xib */; };
		EB1198A41533B55300645B5F /* EmpresaViewController_iPad.xib in Resources */ = {isa = PBXBuildFile; fileRef = EB11989A1533B55300645B5F /* EmpresaViewController_iPad.xib */; };
		EB1198A51533B55300645B5F /* EmpresaViewController_iPhone.xib in Resources */ = {isa = PBXBuildFile; fileRef = EB11989B1533B55300645B5F /* EmpresaViewController_iPhone.xib */; };
		EB1198A61533B55300645B5F /* HomeViewController_iPad.xib in Resources */ = {isa = PBXBuildFile; fileRef = EB11989C1533B55300645B5F /* HomeViewController_iPad.xib */; };
		EB1198A71533B55300645B5F /* HomeViewController_iPhone.xib in Resources */ = {isa = PBXBuildFile; fileRef = EB11989D1533B55300645B5F /* HomeViewController_iPhone.xib */; };
		EB1198D81533C45A00645B5F /* MainWindow_iPhone.xib in Resources */ = {isa = PBXBuildFile; fileRef = EB1198DA1533C45A00645B5F /* MainWindow_iPhone.xib */; };
		EB165F8A1535317400050B4C /* logo@114.png in Resources */ = {isa = PBXBuildFile; fileRef = EB165F891535317400050B4C /* logo@114.png */; };
		EB22F60F15367C59009281AA /* ContatoNavigationController.m in Sources */ = {isa = PBXBuildFile; fileRef = EB22F60E15367C59009281AA /* ContatoNavigationController.m */; };
		EB8880E21534A9E9002418CF /* iCarousel.m in Sources */ = {isa = PBXBuildFile; fileRef = EB8880E11534A9E9002418CF /* iCarousel.m */; };
		EB9D27451535205D00B036C4 /* GruposViewController.m in Sources */ = {isa = PBXBuildFile; fileRef = EB9D27441535205D00B036C4 /* GruposViewController.m */; };
		EB9D274D1535226C00B036C4 /* juridico.png in Resources */ = {isa = PBXBuildFile; fileRef = EB9D27461535226C00B036C4 /* juridico.png */; };
		EB9D274E1535226C00B036C4 /* qualidade.png in Resources */ = {isa = PBXBuildFile; fileRef = EB9D27471535226C00B036C4 /* qualidade.png */; };
		EB9D274F1535226C00B036C4 /* rse.png in Resources */ = {isa = PBXBuildFile; fileRef = EB9D27481535226C00B036C4 /* rse.png */; };
		EB9D27501535226C00B036C4 /* eventos.png in Resources */ = {isa = PBXBuildFile; fileRef = EB9D27491535226C00B036C4 /* eventos.png */; };
		EB9D27511535226C00B036C4 /* marketing.png in Resources */ = {isa = PBXBuildFile; fileRef = EB9D274A1535226C00B036C4 /* marketing.png */; };
		EB9D27521535226C00B036C4 /* projetos.png in Resources */ = {isa = PBXBuildFile; fileRef = EB9D274B1535226C00B036C4 /* projetos.png */; };
		EB9D27531535226C00B036C4 /* rh.png in Resources */ = {isa = PBXBuildFile; fileRef = EB9D274C1535226C00B036C4 /* rh.png */; };
		EB9D27571535257800B036C4 /* 1334111607_company.png in Resources */ = {isa = PBXBuildFile; fileRef = EB9D27561535257800B036C4 /* 1334111607_company.png */; };
		EB9D275A1535277100B036C4 /* AprovadosViewController.m in Sources */ = {isa = PBXBuildFile; fileRef = EB9D27591535277100B036C4 /* AprovadosViewController.m */; };
		EBBA418F15346C9400387720 /* logoTexto.png in Resources */ = {isa = PBXBuildFile; fileRef = EBBA418D15346C9400387720 /* logoTexto.png */; };
		EBBA419015346C9400387720 /* logo.png in Resources */ = {isa = PBXBuildFile; fileRef = EBBA418E15346C9400387720 /* logo.png */; };
		EBBAFC3B153661DE00D9DA71 /* MapKit.framework in Frameworks */ = {isa = PBXBuildFile; fileRef = EBBAFC3A153661DE00D9DA71 /* MapKit.framework */; };
		EBBAFC3D153661E700D9DA71 /* CoreLocation.framework in Frameworks */ = {isa = PBXBuildFile; fileRef = EBBAFC3C153661E700D9DA71 /* CoreLocation.framework */; };
		EBBAFC3E1536620100D9DA71 /* libQuickDialog.a in Frameworks */ = {isa = PBXBuildFile; fileRef = EBBAFC361536615E00D9DA71 /* libQuickDialog.a */; };
		EBBAFC401536797700D9DA71 /* ContatoViewController.m in Sources */ = {isa = PBXBuildFile; fileRef = EBBAFC3F1536797700D9DA71 /* ContatoViewController.m */; };
		EBE1D70F1533D0FC000C3248 /* AreasAtuacaoViewController.m in Sources */ = {isa = PBXBuildFile; fileRef = EBE1D70E1533D0FC000C3248 /* AreasAtuacaoViewController.m */; };
		EBE1D7121533D5A1000C3248 /* CursosAreasAtuacaoViewController.m in Sources */ = {isa = PBXBuildFile; fileRef = EBE1D7111533D5A1000C3248 /* CursosAreasAtuacaoViewController.m */; };
		EBE1D7141533DF91000C3248 /* WebViewController_iPhone.xib in Resources */ = {isa = PBXBuildFile; fileRef = EBE1D7131533DF91000C3248 /* WebViewController_iPhone.xib */; };
		EBE1D7171533DFD3000C3248 /* WebViewController.m in Sources */ = {isa = PBXBuildFile; fileRef = EBE1D7161533DFD3000C3248 /* WebViewController.m */; };
		EBF170CE1534F71200048F18 /* QuartzCore.framework in Frameworks */ = {isa = PBXBuildFile; fileRef = EBF170CD1534F71200048F18 /* QuartzCore.framework */; };
		EBF170D91534FC4E00048F18 /* plano.jpg in Resources */ = {isa = PBXBuildFile; fileRef = EBF170D41534FC4E00048F18 /* plano.jpg */; };
		EBF170DA1534FC4E00048F18 /* daae2.jpg in Resources */ = {isa = PBXBuildFile; fileRef = EBF170D51534FC4E00048F18 /* daae2.jpg */; };
		EBF170DB1534FC4E00048F18 /* estande.jpg in Resources */ = {isa = PBXBuildFile; fileRef = EBF170D61534FC4E00048F18 /* estande.jpg */; };
		EBF170DC1534FC4E00048F18 /* inclusao.jpg in Resources */ = {isa = PBXBuildFile; fileRef = EBF170D71534FC4E00048F18 /* inclusao.jpg */; };
		EBF170DD1534FC4E00048F18 /* pneu.jpg in Resources */ = {isa = PBXBuildFile; fileRef = EBF170D81534FC4E00048F18 /* pneu.jpg */; };
		EBF170EA1535199F00048F18 /* conquistas.html in Resources */ = {isa = PBXBuildFile; fileRef = EBF170DF1535199F00048F18 /* conquistas.html */; };
		EBF170EB1535199F00048F18 /* daae.html in Resources */ = {isa = PBXBuildFile; fileRef = EBF170E01535199F00048F18 /* daae.html */; };
		EBF170EC1535199F00048F18 /* Project.espressostorage in Resources */ = {isa = PBXBuildFile; fileRef = EBF170E21535199F00048F18 /* Project.espressostorage */; };
		EBF170ED1535199F00048F18 /* user.pedro.espressostorage in Resources */ = {isa = PBXBuildFile; fileRef = EBF170E31535199F00048F18 /* user.pedro.espressostorage */; };
		EBF170EE1535199F00048F18 /* estande.html in Resources */ = {isa = PBXBuildFile; fileRef = EBF170E41535199F00048F18 /* estande.html */; };
		EBF170EF1535199F00048F18 /* historia.html in Resources */ = {isa = PBXBuildFile; fileRef = EBF170E51535199F00048F18 /* historia.html */; };
		EBF170F01535199F00048F18 /* inclusao.html in Resources */ = {isa = PBXBuildFile; fileRef = EBF170E61535199F00048F18 /* inclusao.html */; };
		EBF170F11535199F00048F18 /* plano.html in Resources */ = {isa = PBXBuildFile; fileRef = EBF170E71535199F00048F18 /* plano.html */; };
		EBF170F21535199F00048F18 /* pneu.html in Resources */ = {isa = PBXBuildFile; fileRef = EBF170E81535199F00048F18 /* pneu.html */; };
		EBF170F31535199F00048F18 /* proposito.html in Resources */ = {isa = PBXBuildFile; fileRef = EBF170E91535199F00048F18 /* proposito.html */; };
		EBF170FC15351D7700048F18 /* CarouselViewController.m in Sources */ = {isa = PBXBuildFile; fileRef = EBF170FA15351D7700048F18 /* CarouselViewController.m */; };
		EBF170FD15351D7700048F18 /* CarouselViewController_iPhone.xib in Resources */ = {isa = PBXBuildFile; fileRef = EBF170FB15351D7700048F18 /* CarouselViewController_iPhone.xib */; };
/* End PBXBuildFile section */

/* Begin PBXContainerItemProxy section */
		EBBAFC331536615E00D9DA71 /* PBXContainerItemProxy */ = {
			isa = PBXContainerItemProxy;
			containerPortal = EBBAFC2A1536615D00D9DA71 /* QuickDialog.xcodeproj */;
			proxyType = 2;
			remoteGlobalIDString = D80B0E3313E052DF00FA85CA;
			remoteInfo = QuickDialogExample;
		};
		EBBAFC351536615E00D9DA71 /* PBXContainerItemProxy */ = {
			isa = PBXContainerItemProxy;
			containerPortal = EBBAFC2A1536615D00D9DA71 /* QuickDialog.xcodeproj */;
			proxyType = 2;
			remoteGlobalIDString = 2C542393145ADEBD0026A152;
			remoteInfo = QuickDialog;
		};
		EBBAFC38153661CF00D9DA71 /* PBXContainerItemProxy */ = {
			isa = PBXContainerItemProxy;
			containerPortal = EBBAFC2A1536615D00D9DA71 /* QuickDialog.xcodeproj */;
			proxyType = 1;
			remoteGlobalIDString = 2C542392145ADEBD0026A152;
			remoteInfo = QuickDialog;
		};
/* End PBXContainerItemProxy section */

/* Begin PBXFileReference section */
		EB11984F1533A74A00645B5F /* EESC-JR.app */ = {isa = PBXFileReference; explicitFileType = wrapper.application; includeInIndex = 0; path = "EESC-JR.app"; sourceTree = BUILT_PRODUCTS_DIR; };
		EB1198531533A74A00645B5F /* UIKit.framework */ = {isa = PBXFileReference; lastKnownFileType = wrapper.framework; name = UIKit.framework; path = System/Library/Frameworks/UIKit.framework; sourceTree = SDKROOT; };
		EB1198551533A74A00645B5F /* Foundation.framework */ = {isa = PBXFileReference; lastKnownFileType = wrapper.framework; name = Foundation.framework; path = System/Library/Frameworks/Foundation.framework; sourceTree = SDKROOT; };
		EB1198571533A74A00645B5F /* CoreGraphics.framework */ = {isa = PBXFileReference; lastKnownFileType = wrapper.framework; name = CoreGraphics.framework; path = System/Library/Frameworks/CoreGraphics.framework; sourceTree = SDKROOT; };
		EB11985B1533A74A00645B5F /* EESC-JR-Info.plist */ = {isa = PBXFileReference; lastKnownFileType = text.plist.xml; path = "EESC-JR-Info.plist"; sourceTree = "<group>"; };
		EB11985D1533A74A00645B5F /* en */ = {isa = PBXFileReference; lastKnownFileType = text.plist.strings; name = en; path = en.lproj/InfoPlist.strings; sourceTree = "<group>"; };
		EB11985F1533A74A00645B5F /* main.m */ = {isa = PBXFileReference; lastKnownFileType = sourcecode.c.objc; path = main.m; sourceTree = "<group>"; };
		EB1198611533A74A00645B5F /* EESC-JR-Prefix.pch */ = {isa = PBXFileReference; lastKnownFileType = sourcecode.c.h; path = "EESC-JR-Prefix.pch"; sourceTree = "<group>"; };
		EB1198621533A74A00645B5F /* AppDelegate.h */ = {isa = PBXFileReference; lastKnownFileType = sourcecode.c.h; path = AppDelegate.h; sourceTree = "<group>"; };
		EB1198631533A74A00645B5F /* AppDelegate.m */ = {isa = PBXFileReference; lastKnownFileType = sourcecode.c.objc; path = AppDelegate.m; sourceTree = "<group>"; };
		EB1198651533A74A00645B5F /* HomeViewController.h */ = {isa = PBXFileReference; lastKnownFileType = sourcecode.c.h; path = HomeViewController.h; sourceTree = "<group>"; };
		EB1198661533A74A00645B5F /* HomeViewController.m */ = {isa = PBXFileReference; lastKnownFileType = sourcecode.c.objc; path = HomeViewController.m; sourceTree = "<group>"; };
		EB11986C1533A74A00645B5F /* EmpresaViewController.h */ = {isa = PBXFileReference; lastKnownFileType = sourcecode.c.h; path = EmpresaViewController.h; sourceTree = "<group>"; };
		EB11986D1533A74A00645B5F /* EmpresaViewController.m */ = {isa = PBXFileReference; lastKnownFileType = sourcecode.c.objc; path = EmpresaViewController.m; sourceTree = "<group>"; };
		EB11988B1533B34000645B5F /* ParceirosViewController.m */ = {isa = PBXFileReference; fileEncoding = 4; lastKnownFileType = sourcecode.c.objc; path = ParceirosViewController.m; sourceTree = "<group>"; };
		EB11988C1533B34000645B5F /* CasosViewController.m */ = {isa = PBXFileReference; fileEncoding = 4; lastKnownFileType = sourcecode.c.objc; path = CasosViewController.m; sourceTree = "<group>"; };
		EB11988D1533B34000645B5F /* ContatoViewController.h */ = {isa = PBXFileReference; fileEncoding = 4; lastKnownFileType = sourcecode.c.h; path = ContatoViewController.h; sourceTree = "<group>"; };
		EB11988E1533B34000645B5F /* ParceirosViewController.h */ = {isa = PBXFileReference; fileEncoding = 4; lastKnownFileType = sourcecode.c.h; path = ParceirosViewController.h; sourceTree = "<group>"; };
		EB11988F1533B34000645B5F /* CasosViewController.h */ = {isa = PBXFileReference; fileEncoding = 4; lastKnownFileType = sourcecode.c.h; path = CasosViewController.h; sourceTree = "<group>"; };
		EB1198941533B55300645B5F /* ContatoViewController_iPhone.xib */ = {isa = PBXFileReference; fileEncoding = 4; lastKnownFileType = file.xib; path = ContatoViewController_iPhone.xib; sourceTree = "<group>"; };
		EB1198951533B55300645B5F /* ParceirosViewController_iPhone.xib */ = {isa = PBXFileReference; fileEncoding = 4; lastKnownFileType = file.xib; path = ParceirosViewController_iPhone.xib; sourceTree = "<group>"; };
		EB1198961533B55300645B5F /* CasosViewController_iPhone.xib */ = {isa = PBXFileReference; fileEncoding = 4; lastKnownFileType = file.xib; path = CasosViewController_iPhone.xib; sourceTree = "<group>"; };
		EB1198971533B55300645B5F /* ContatoViewController_iPad.xib */ = {isa = PBXFileReference; fileEncoding = 4; lastKnownFileType = file.xib; path = ContatoViewController_iPad.xib; sourceTree = "<group>"; };
		EB1198981533B55300645B5F /* ParceirosViewController_iPad.xib */ = {isa = PBXFileReference; fileEncoding = 4; lastKnownFileType = file.xib; path = ParceirosViewController_iPad.xib; sourceTree = "<group>"; };
		EB1198991533B55300645B5F /* CasosViewController_iPad.xib */ = {isa = PBXFileReference; fileEncoding = 4; lastKnownFileType = file.xib; path = CasosViewController_iPad.xib; sourceTree = "<group>"; };
		EB11989A1533B55300645B5F /* EmpresaViewController_iPad.xib */ = {isa = PBXFileReference; fileEncoding = 4; lastKnownFileType = file.xib; path = EmpresaViewController_iPad.xib; sourceTree = "<group>"; };
		EB11989B1533B55300645B5F /* EmpresaViewController_iPhone.xib */ = {isa = PBXFileReference; fileEncoding = 4; lastKnownFileType = file.xib; path = EmpresaViewController_iPhone.xib; sourceTree = "<group>"; };
		EB11989C1533B55300645B5F /* HomeViewController_iPad.xib */ = {isa = PBXFileReference; fileEncoding = 4; lastKnownFileType = file.xib; path = HomeViewController_iPad.xib; sourceTree = "<group>"; };
		EB11989D1533B55300645B5F /* HomeViewController_iPhone.xib */ = {isa = PBXFileReference; fileEncoding = 4; lastKnownFileType = file.xib; path = HomeViewController_iPhone.xib; sourceTree = "<group>"; };
		EB1198D91533C45A00645B5F /* en */ = {isa = PBXFileReference; lastKnownFileType = file.xib; name = en; path = en.lproj/MainWindow_iPhone.xib; sourceTree = "<group>"; };
		EB165F891535317400050B4C /* logo@114.png */ = {isa = PBXFileReference; lastKnownFileType = image.png; path = "logo@114.png"; sourceTree = "<group>"; };
		EB22F60D15367C59009281AA /* ContatoNavigationController.h */ = {isa = PBXFileReference; fileEncoding = 4; lastKnownFileType = sourcecode.c.h; path = ContatoNavigationController.h; sourceTree = "<group>"; };
		EB22F60E15367C59009281AA /* ContatoNavigationController.m */ = {isa = PBXFileReference; fileEncoding = 4; lastKnownFileType = sourcecode.c.objc; path = ContatoNavigationController.m; sourceTree = "<group>"; };
		EB8880E01534A9E9002418CF /* iCarousel.h */ = {isa = PBXFileReference; fileEncoding = 4; lastKnownFileType = sourcecode.c.h; path = iCarousel.h; sourceTree = "<group>"; };
		EB8880E11534A9E9002418CF /* iCarousel.m */ = {isa = PBXFileReference; fileEncoding = 4; lastKnownFileType = sourcecode.c.objc; path = iCarousel.m; sourceTree = "<group>"; };
		EB9D27431535205D00B036C4 /* GruposViewController.h */ = {isa = PBXFileReference; fileEncoding = 4; lastKnownFileType = sourcecode.c.h; path = GruposViewController.h; sourceTree = "<group>"; };
		EB9D27441535205D00B036C4 /* GruposViewController.m */ = {isa = PBXFileReference; fileEncoding = 4; lastKnownFileType = sourcecode.c.objc; path = GruposViewController.m; sourceTree = "<group>"; };
		EB9D27461535226C00B036C4 /* juridico.png */ = {isa = PBXFileReference; lastKnownFileType = image.png; path = juridico.png; sourceTree = "<group>"; };
		EB9D27471535226C00B036C4 /* qualidade.png */ = {isa = PBXFileReference; lastKnownFileType = image.png; path = qualidade.png; sourceTree = "<group>"; };
		EB9D27481535226C00B036C4 /* rse.png */ = {isa = PBXFileReference; lastKnownFileType = image.png; path = rse.png; sourceTree = "<group>"; };
		EB9D27491535226C00B036C4 /* eventos.png */ = {isa = PBXFileReference; lastKnownFileType = image.png; path = eventos.png; sourceTree = "<group>"; };
		EB9D274A1535226C00B036C4 /* marketing.png */ = {isa = PBXFileReference; lastKnownFileType = image.png; path = marketing.png; sourceTree = "<group>"; };
		EB9D274B1535226C00B036C4 /* projetos.png */ = {isa = PBXFileReference; lastKnownFileType = image.png; path = projetos.png; sourceTree = "<group>"; };
		EB9D274C1535226C00B036C4 /* rh.png */ = {isa = PBXFileReference; lastKnownFileType = image.png; path = rh.png; sourceTree = "<group>"; };
		EB9D27561535257800B036C4 /* 1334111607_company.png */ = {isa = PBXFileReference; lastKnownFileType = image.png; path = 1334111607_company.png; sourceTree = "<group>"; };
		EB9D27581535277100B036C4 /* AprovadosViewController.h */ = {isa = PBXFileReference; fileEncoding = 4; lastKnownFileType = sourcecode.c.h; path = AprovadosViewController.h; sourceTree = "<group>"; };
		EB9D27591535277100B036C4 /* AprovadosViewController.m */ = {isa = PBXFileReference; fileEncoding = 4; lastKnownFileType = sourcecode.c.objc; path = AprovadosViewController.m; sourceTree = "<group>"; };
		EBBA418D15346C9400387720 /* logoTexto.png */ = {isa = PBXFileReference; lastKnownFileType = image.png; path = logoTexto.png; sourceTree = "<group>"; };
		EBBA418E15346C9400387720 /* logo.png */ = {isa = PBXFileReference; lastKnownFileType = image.png; path = logo.png; sourceTree = "<group>"; };
		EBBAFC2A1536615D00D9DA71 /* QuickDialog.xcodeproj */ = {isa = PBXFileReference; lastKnownFileType = "wrapper.pb-project"; name = QuickDialog.xcodeproj; path = QuickDialog/QuickDialog.xcodeproj; sourceTree = "<group>"; };
		EBBAFC3A153661DE00D9DA71 /* MapKit.framework */ = {isa = PBXFileReference; lastKnownFileType = wrapper.framework; name = MapKit.framework; path = System/Library/Frameworks/MapKit.framework; sourceTree = SDKROOT; };
		EBBAFC3C153661E700D9DA71 /* CoreLocation.framework */ = {isa = PBXFileReference; lastKnownFileType = wrapper.framework; name = CoreLocation.framework; path = System/Library/Frameworks/CoreLocation.framework; sourceTree = SDKROOT; };
		EBBAFC3F1536797700D9DA71 /* ContatoViewController.m */ = {isa = PBXFileReference; fileEncoding = 4; lastKnownFileType = sourcecode.c.objc; path = ContatoViewController.m; sourceTree = "<group>"; };
		EBE1D70D1533D0FC000C3248 /* AreasAtuacaoViewController.h */ = {isa = PBXFileReference; fileEncoding = 4; lastKnownFileType = sourcecode.c.h; path = AreasAtuacaoViewController.h; sourceTree = "<group>"; };
		EBE1D70E1533D0FC000C3248 /* AreasAtuacaoViewController.m */ = {isa = PBXFileReference; fileEncoding = 4; lastKnownFileType = sourcecode.c.objc; path = AreasAtuacaoViewController.m; sourceTree = "<group>"; };
		EBE1D7101533D5A1000C3248 /* CursosAreasAtuacaoViewController.h */ = {isa = PBXFileReference; fileEncoding = 4; lastKnownFileType = sourcecode.c.h; path = CursosAreasAtuacaoViewController.h; sourceTree = "<group>"; };
		EBE1D7111533D5A1000C3248 /* CursosAreasAtuacaoViewController.m */ = {isa = PBXFileReference; fileEncoding = 4; lastKnownFileType = sourcecode.c.objc; path = CursosAreasAtuacaoViewController.m; sourceTree = "<group>"; };
		EBE1D7131533DF91000C3248 /* WebViewController_iPhone.xib */ = {isa = PBXFileReference; fileEncoding = 4; lastKnownFileType = file.xib; path = WebViewController_iPhone.xib; sourceTree = "<group>"; };
		EBE1D7151533DFD3000C3248 /* WebViewController.h */ = {isa = PBXFileReference; fileEncoding = 4; lastKnownFileType = sourcecode.c.h; path = WebViewController.h; sourceTree = "<group>"; };
		EBE1D7161533DFD3000C3248 /* WebViewController.m */ = {isa = PBXFileReference; fileEncoding = 4; lastKnownFileType = sourcecode.c.objc; path = WebViewController.m; sourceTree = "<group>"; };
		EBF170CD1534F71200048F18 /* QuartzCore.framework */ = {isa = PBXFileReference; lastKnownFileType = wrapper.framework; name = QuartzCore.framework; path = System/Library/Frameworks/QuartzCore.framework; sourceTree = SDKROOT; };
		EBF170D41534FC4E00048F18 /* plano.jpg */ = {isa = PBXFileReference; lastKnownFileType = image.jpeg; path = plano.jpg; sourceTree = "<group>"; };
		EBF170D51534FC4E00048F18 /* daae2.jpg */ = {isa = PBXFileReference; lastKnownFileType = image.jpeg; path = daae2.jpg; sourceTree = "<group>"; };
		EBF170D61534FC4E00048F18 /* estande.jpg */ = {isa = PBXFileReference; lastKnownFileType = image.jpeg; path = estande.jpg; sourceTree = "<group>"; };
		EBF170D71534FC4E00048F18 /* inclusao.jpg */ = {isa = PBXFileReference; lastKnownFileType = image.jpeg; path = inclusao.jpg; sourceTree = "<group>"; };
		EBF170D81534FC4E00048F18 /* pneu.jpg */ = {isa = PBXFileReference; lastKnownFileType = image.jpeg; path = pneu.jpg; sourceTree = "<group>"; };
		EBF170DF1535199F00048F18 /* conquistas.html */ = {isa = PBXFileReference; fileEncoding = 4; lastKnownFileType = text.html; path = conquistas.html; sourceTree = "<group>"; };
		EBF170E01535199F00048F18 /* daae.html */ = {isa = PBXFileReference; fileEncoding = 4; lastKnownFileType = text.html; path = daae.html; sourceTree = "<group>"; };
		EBF170E21535199F00048F18 /* Project.espressostorage */ = {isa = PBXFileReference; lastKnownFileType = file.bplist; path = Project.espressostorage; sourceTree = "<group>"; };
		EBF170E31535199F00048F18 /* user.pedro.espressostorage */ = {isa = PBXFileReference; lastKnownFileType = file.bplist; path = user.pedro.espressostorage; sourceTree = "<group>"; };
		EBF170E41535199F00048F18 /* estande.html */ = {isa = PBXFileReference; fileEncoding = 4; lastKnownFileType = text.html; path = estande.html; sourceTree = "<group>"; };
		EBF170E51535199F00048F18 /* historia.html */ = {isa = PBXFileReference; fileEncoding = 4; lastKnownFileType = text.html; path = historia.html; sourceTree = "<group>"; };
		EBF170E61535199F00048F18 /* inclusao.html */ = {isa = PBXFileReference; fileEncoding = 4; lastKnownFileType = text.html; path = inclusao.html; sourceTree = "<group>"; };
		EBF170E71535199F00048F18 /* plano.html */ = {isa = PBXFileReference; fileEncoding = 4; lastKnownFileType = text.html; path = plano.html; sourceTree = "<group>"; };
		EBF170E81535199F00048F18 /* pneu.html */ = {isa = PBXFileReference; fileEncoding = 4; lastKnownFileType = text.html; path = pneu.html; sourceTree = "<group>"; };
		EBF170E91535199F00048F18 /* proposito.html */ = {isa = PBXFileReference; fileEncoding = 4; lastKnownFileType = text.html; path = proposito.html; sourceTree = "<group>"; };
		EBF170F915351D7600048F18 /* CarouselViewController.h */ = {isa = PBXFileReference; fileEncoding = 4; lastKnownFileType = sourcecode.c.h; path = CarouselViewController.h; sourceTree = "<group>"; };
		EBF170FA15351D7700048F18 /* CarouselViewController.m */ = {isa = PBXFileReference; fileEncoding = 4; lastKnownFileType = sourcecode.c.objc; path = CarouselViewController.m; sourceTree = "<group>"; };
		EBF170FB15351D7700048F18 /* CarouselViewController_iPhone.xib */ = {isa = PBXFileReference; fileEncoding = 4; lastKnownFileType = file.xib; path = CarouselViewController_iPhone.xib; sourceTree = "<group>"; };
/* End PBXFileReference section */

/* Begin PBXFrameworksBuildPhase section */
		EB11984C1533A74A00645B5F /* Frameworks */ = {
			isa = PBXFrameworksBuildPhase;
			buildActionMask = 2147483647;
			files = (
				EBBAFC3E1536620100D9DA71 /* libQuickDialog.a in Frameworks */,
				EBBAFC3D153661E700D9DA71 /* CoreLocation.framework in Frameworks */,
				EBBAFC3B153661DE00D9DA71 /* MapKit.framework in Frameworks */,
				EBF170CE1534F71200048F18 /* QuartzCore.framework in Frameworks */,
				EB1198541533A74A00645B5F /* UIKit.framework in Frameworks */,
				EB1198561533A74A00645B5F /* Foundation.framework in Frameworks */,
				EB1198581533A74A00645B5F /* CoreGraphics.framework in Frameworks */,
			);
			runOnlyForDeploymentPostprocessing = 0;
		};
/* End PBXFrameworksBuildPhase section */

/* Begin PBXGroup section */
		EB1198441533A74A00645B5F = {
			isa = PBXGroup;
			children = (
				EB165F891535317400050B4C /* logo@114.png */,
				EB1198591533A74A00645B5F /* Classes */,
				EB8880DF1534A9E9002418CF /* iCarousel */,
				EB1198931533B37900645B5F /* Interface */,
				EB1198521533A74A00645B5F /* Frameworks */,
				EB1198501533A74A00645B5F /* Products */,
			);
			sourceTree = "<group>";
		};
		EB1198501533A74A00645B5F /* Products */ = {
			isa = PBXGroup;
			children = (
				EB11984F1533A74A00645B5F /* EESC-JR.app */,
			);
			name = Products;
			sourceTree = "<group>";
		};
		EB1198521533A74A00645B5F /* Frameworks */ = {
			isa = PBXGroup;
			children = (
				EBBAFC2A1536615D00D9DA71 /* QuickDialog.xcodeproj */,
				EBBAFC3C153661E700D9DA71 /* CoreLocation.framework */,
				EBBAFC3A153661DE00D9DA71 /* MapKit.framework */,
				EBF170CD1534F71200048F18 /* QuartzCore.framework */,
				EB1198531533A74A00645B5F /* UIKit.framework */,
				EB1198551533A74A00645B5F /* Foundation.framework */,
				EB1198571533A74A00645B5F /* CoreGraphics.framework */,
			);
			name = Frameworks;
			sourceTree = "<group>";
		};
		EB1198591533A74A00645B5F /* Classes */ = {
			isa = PBXGroup;
			children = (
				EB1198621533A74A00645B5F /* AppDelegate.h */,
				EB1198631533A74A00645B5F /* AppDelegate.m */,
				EB1198651533A74A00645B5F /* HomeViewController.h */,
				EB1198661533A74A00645B5F /* HomeViewController.m */,
				EB9D27581535277100B036C4 /* AprovadosViewController.h */,
				EB9D27591535277100B036C4 /* AprovadosViewController.m */,
				EB11986C1533A74A00645B5F /* EmpresaViewController.h */,
				EB11986D1533A74A00645B5F /* EmpresaViewController.m */,
				EB9D27431535205D00B036C4 /* GruposViewController.h */,
				EB9D27441535205D00B036C4 /* GruposViewController.m */,
				EBE1D70D1533D0FC000C3248 /* AreasAtuacaoViewController.h */,
				EBE1D70E1533D0FC000C3248 /* AreasAtuacaoViewController.m */,
				EBE1D7101533D5A1000C3248 /* CursosAreasAtuacaoViewController.h */,
				EBE1D7111533D5A1000C3248 /* CursosAreasAtuacaoViewController.m */,
				EB11988F1533B34000645B5F /* CasosViewController.h */,
				EB11988C1533B34000645B5F /* CasosViewController.m */,
				EB11988E1533B34000645B5F /* ParceirosViewController.h */,
				EB11988B1533B34000645B5F /* ParceirosViewController.m */,
				EB22F60D15367C59009281AA /* ContatoNavigationController.h */,
				EB22F60E15367C59009281AA /* ContatoNavigationController.m */,
				EB11988D1533B34000645B5F /* ContatoViewController.h */,
				EBBAFC3F1536797700D9DA71 /* ContatoViewController.m */,
				EBF170F915351D7600048F18 /* CarouselViewController.h */,
				EBF170FA15351D7700048F18 /* CarouselViewController.m */,
				EBE1D7151533DFD3000C3248 /* WebViewController.h */,
				EBE1D7161533DFD3000C3248 /* WebViewController.m */,
				EB11985A1533A74A00645B5F /* Supporting Files */,
			);
			name = Classes;
			path = "EESC-JR";
			sourceTree = "<group>";
		};
		EB11985A1533A74A00645B5F /* Supporting Files */ = {
			isa = PBXGroup;
			children = (
				EB9D27561535257800B036C4 /* 1334111607_company.png */,
				EBF170DE1535199F00048F18 /* html */,
				EBBA418D15346C9400387720 /* logoTexto.png */,
				EBBA418E15346C9400387720 /* logo.png */,
				EBF170D41534FC4E00048F18 /* plano.jpg */,
				EBF170D51534FC4E00048F18 /* daae2.jpg */,
				EBF170D61534FC4E00048F18 /* estande.jpg */,
				EBF170D71534FC4E00048F18 /* inclusao.jpg */,
				EBF170D81534FC4E00048F18 /* pneu.jpg */,
				EB9D27461535226C00B036C4 /* juridico.png */,
				EB9D27471535226C00B036C4 /* qualidade.png */,
				EB9D27481535226C00B036C4 /* rse.png */,
				EB9D27491535226C00B036C4 /* eventos.png */,
				EB9D274A1535226C00B036C4 /* marketing.png */,
				EB9D274B1535226C00B036C4 /* projetos.png */,
				EB9D274C1535226C00B036C4 /* rh.png */,
				EB11985B1533A74A00645B5F /* EESC-JR-Info.plist */,
				EB11985C1533A74A00645B5F /* InfoPlist.strings */,
				EB11985F1533A74A00645B5F /* main.m */,
				EB1198611533A74A00645B5F /* EESC-JR-Prefix.pch */,
			);
			name = "Supporting Files";
			sourceTree = "<group>";
		};
		EB1198931533B37900645B5F /* Interface */ = {
			isa = PBXGroup;
			children = (
				EB1198DA1533C45A00645B5F /* MainWindow_iPhone.xib */,
				EB11989C1533B55300645B5F /* HomeViewController_iPad.xib */,
				EB11989D1533B55300645B5F /* HomeViewController_iPhone.xib */,
				EB11989A1533B55300645B5F /* EmpresaViewController_iPad.xib */,
				EB11989B1533B55300645B5F /* EmpresaViewController_iPhone.xib */,
				EB1198991533B55300645B5F /* CasosViewController_iPad.xib */,
				EB1198961533B55300645B5F /* CasosViewController_iPhone.xib */,
				EB1198981533B55300645B5F /* ParceirosViewController_iPad.xib */,
				EB1198951533B55300645B5F /* ParceirosViewController_iPhone.xib */,
				EB1198971533B55300645B5F /* ContatoViewController_iPad.xib */,
				EB1198941533B55300645B5F /* ContatoViewController_iPhone.xib */,
				EBF170FB15351D7700048F18 /* CarouselViewController_iPhone.xib */,
				EBE1D7131533DF91000C3248 /* WebViewController_iPhone.xib */,
			);
			name = Interface;
			path = "EESC-JR";
			sourceTree = "<group>";
		};
		EB8880DF1534A9E9002418CF /* iCarousel */ = {
			isa = PBXGroup;
			children = (
				EB8880E01534A9E9002418CF /* iCarousel.h */,
				EB8880E11534A9E9002418CF /* iCarousel.m */,
			);
			path = iCarousel;
			sourceTree = "<group>";
		};
		EBBAFC2B1536615D00D9DA71 /* Products */ = {
			isa = PBXGroup;
			children = (
				EBBAFC341536615E00D9DA71 /* QuickDialogExample.app */,
				EBBAFC361536615E00D9DA71 /* libQuickDialog.a */,
			);
			name = Products;
			sourceTree = "<group>";
		};
		EBF170DE1535199F00048F18 /* html */ = {
			isa = PBXGroup;
			children = (
				EBF170DF1535199F00048F18 /* conquistas.html */,
				EBF170E01535199F00048F18 /* daae.html */,
				EBF170E11535199F00048F18 /* EESC-Jr.esproj */,
				EBF170E41535199F00048F18 /* estande.html */,
				EBF170E51535199F00048F18 /* historia.html */,
				EBF170E61535199F00048F18 /* inclusao.html */,
				EBF170E71535199F00048F18 /* plano.html */,
				EBF170E81535199F00048F18 /* pneu.html */,
				EBF170E91535199F00048F18 /* proposito.html */,
			);
			path = html;
			sourceTree = "<group>";
		};
		EBF170E11535199F00048F18 /* EESC-Jr.esproj */ = {
			isa = PBXGroup;
			children = (
				EBF170E21535199F00048F18 /* Project.espressostorage */,
				EBF170E31535199F00048F18 /* user.pedro.espressostorage */,
			);
			path = "EESC-Jr.esproj";
			sourceTree = "<group>";
		};
/* End PBXGroup section */

/* Begin PBXNativeTarget section */
		EB11984E1533A74A00645B5F /* EESC-JR */ = {
			isa = PBXNativeTarget;
			buildConfigurationList = EB1198811533A74A00645B5F /* Build configuration list for PBXNativeTarget "EESC-JR" */;
			buildPhases = (
				EB11984B1533A74A00645B5F /* Sources */,
				EB11984C1533A74A00645B5F /* Frameworks */,
				EB11984D1533A74A00645B5F /* Resources */,
			);
			buildRules = (
			);
			dependencies = (
				EBBAFC39153661CF00D9DA71 /* PBXTargetDependency */,
			);
			name = "EESC-JR";
			productName = "EESC-JR";
			productReference = EB11984F1533A74A00645B5F /* EESC-JR.app */;
			productType = "com.apple.product-type.application";
		};
/* End PBXNativeTarget section */

/* Begin PBXProject section */
		EB1198461533A74A00645B5F /* Project object */ = {
			isa = PBXProject;
			attributes = {
				LastUpgradeCheck = 0430;
			};
			buildConfigurationList = EB1198491533A74A00645B5F /* Build configuration list for PBXProject "EESC-JR" */;
			compatibilityVersion = "Xcode 3.2";
			developmentRegion = English;
			hasScannedForEncodings = 0;
			knownRegions = (
				en,
				pt,
			);
			mainGroup = EB1198441533A74A00645B5F;
			productRefGroup = EB1198501533A74A00645B5F /* Products */;
			projectDirPath = "";
			projectReferences = (
				{
					ProductGroup = EBBAFC2B1536615D00D9DA71 /* Products */;
					ProjectRef = EBBAFC2A1536615D00D9DA71 /* QuickDialog.xcodeproj */;
				},
			);
			projectRoot = "";
			targets = (
				EB11984E1533A74A00645B5F /* EESC-JR */,
			);
		};
/* End PBXProject section */

/* Begin PBXReferenceProxy section */
		EBBAFC341536615E00D9DA71 /* QuickDialogExample.app */ = {
			isa = PBXReferenceProxy;
			fileType = wrapper.application;
			path = QuickDialogExample.app;
			remoteRef = EBBAFC331536615E00D9DA71 /* PBXContainerItemProxy */;
			sourceTree = BUILT_PRODUCTS_DIR;
		};
		EBBAFC361536615E00D9DA71 /* libQuickDialog.a */ = {
			isa = PBXReferenceProxy;
			fileType = archive.ar;
			path = libQuickDialog.a;
			remoteRef = EBBAFC351536615E00D9DA71 /* PBXContainerItemProxy */;
			sourceTree = BUILT_PRODUCTS_DIR;
		};
/* End PBXReferenceProxy section */

/* Begin PBXResourcesBuildPhase section */
		EB11984D1533A74A00645B5F /* Resources */ = {
			isa = PBXResourcesBuildPhase;
			buildActionMask = 2147483647;
			files = (
				EB11985E1533A74A00645B5F /* InfoPlist.strings in Resources */,
				EB11989E1533B55300645B5F /* ContatoViewController_iPhone.xib in Resources */,
				EB11989F1533B55300645B5F /* ParceirosViewController_iPhone.xib in Resources */,
				EB1198A01533B55300645B5F /* CasosViewController_iPhone.xib in Resources */,
				EB1198A11533B55300645B5F /* ContatoViewController_iPad.xib in Resources */,
				EB1198A21533B55300645B5F /* ParceirosViewController_iPad.xib in Resources */,
				EB1198A31533B55300645B5F /* CasosViewController_iPad.xib in Resources */,
				EB1198A41533B55300645B5F /* EmpresaViewController_iPad.xib in Resources */,
				EB1198A51533B55300645B5F /* EmpresaViewController_iPhone.xib in Resources */,
				EB1198A61533B55300645B5F /* HomeViewController_iPad.xib in Resources */,
				EB1198A71533B55300645B5F /* HomeViewController_iPhone.xib in Resources */,
				EB1198D81533C45A00645B5F /* MainWindow_iPhone.xib in Resources */,
				EBE1D7141533DF91000C3248 /* WebViewController_iPhone.xib in Resources */,
				EBBA418F15346C9400387720 /* logoTexto.png in Resources */,
				EBBA419015346C9400387720 /* logo.png in Resources */,
				EBF170D91534FC4E00048F18 /* plano.jpg in Resources */,
				EBF170DA1534FC4E00048F18 /* daae2.jpg in Resources */,
				EBF170DB1534FC4E00048F18 /* estande.jpg in Resources */,
				EBF170DC1534FC4E00048F18 /* inclusao.jpg in Resources */,
				EBF170DD1534FC4E00048F18 /* pneu.jpg in Resources */,
				EBF170EA1535199F00048F18 /* conquistas.html in Resources */,
				EBF170EB1535199F00048F18 /* daae.html in Resources */,
				EBF170EC1535199F00048F18 /* Project.espressostorage in Resources */,
				EBF170ED1535199F00048F18 /* user.pedro.espressostorage in Resources */,
				EBF170EE1535199F00048F18 /* estande.html in Resources */,
				EBF170EF1535199F00048F18 /* historia.html in Resources */,
				EBF170F01535199F00048F18 /* inclusao.html in Resources */,
				EBF170F11535199F00048F18 /* plano.html in Resources */,
				EBF170F21535199F00048F18 /* pneu.html in Resources */,
				EBF170F31535199F00048F18 /* proposito.html in Resources */,
				EBF170FD15351D7700048F18 /* CarouselViewController_iPhone.xib in Resources */,
				EB9D274D1535226C00B036C4 /* juridico.png in Resources */,
				EB9D274E1535226C00B036C4 /* qualidade.png in Resources */,
				EB9D274F1535226C00B036C4 /* rse.png in Resources */,
				EB9D27501535226C00B036C4 /* eventos.png in Resources */,
				EB9D27511535226C00B036C4 /* marketing.png in Resources */,
				EB9D27521535226C00B036C4 /* projetos.png in Resources */,
				EB9D27531535226C00B036C4 /* rh.png in Resources */,
				EB9D27571535257800B036C4 /* 1334111607_company.png in Resources */,
				EB165F8A1535317400050B4C /* logo@114.png in Resources */,
			);
			runOnlyForDeploymentPostprocessing = 0;
		};
/* End PBXResourcesBuildPhase section */

/* Begin PBXSourcesBuildPhase section */
		EB11984B1533A74A00645B5F /* Sources */ = {
			isa = PBXSourcesBuildPhase;
			buildActionMask = 2147483647;
			files = (
				EB1198601533A74A00645B5F /* main.m in Sources */,
				EB1198641533A74A00645B5F /* AppDelegate.m in Sources */,
				EB1198671533A74A00645B5F /* HomeViewController.m in Sources */,
				EB11986E1533A74A00645B5F /* EmpresaViewController.m in Sources */,
				EB1198911533B34000645B5F /* ParceirosViewController.m in Sources */,
				EB1198921533B34000645B5F /* CasosViewController.m in Sources */,
				EBE1D70F1533D0FC000C3248 /* AreasAtuacaoViewController.m in Sources */,
				EBE1D7121533D5A1000C3248 /* CursosAreasAtuacaoViewController.m in Sources */,
				EBE1D7171533DFD3000C3248 /* WebViewController.m in Sources */,
				EB8880E21534A9E9002418CF /* iCarousel.m in Sources */,
				EBF170FC15351D7700048F18 /* CarouselViewController.m in Sources */,
				EB9D27451535205D00B036C4 /* GruposViewController.m in Sources */,
				EB9D275A1535277100B036C4 /* AprovadosViewController.m in Sources */,
				EBBAFC401536797700D9DA71 /* ContatoViewController.m in Sources */,
				EB22F60F15367C59009281AA /* ContatoNavigationController.m in Sources */,
			);
			runOnlyForDeploymentPostprocessing = 0;
		};
/* End PBXSourcesBuildPhase section */

/* Begin PBXTargetDependency section */
		EBBAFC39153661CF00D9DA71 /* PBXTargetDependency */ = {
			isa = PBXTargetDependency;
			name = QuickDialog;
			targetProxy = EBBAFC38153661CF00D9DA71 /* PBXContainerItemProxy */;
		};
/* End PBXTargetDependency section */

/* Begin PBXVariantGroup section */
		EB11985C1533A74A00645B5F /* InfoPlist.strings */ = {
			isa = PBXVariantGroup;
			children = (
				EB11985D1533A74A00645B5F /* en */,
			);
			name = InfoPlist.strings;
			sourceTree = "<group>";
		};
		EB1198DA1533C45A00645B5F /* MainWindow_iPhone.xib */ = {
			isa = PBXVariantGroup;
			children = (
				EB1198D91533C45A00645B5F /* en */,
			);
			name = MainWindow_iPhone.xib;
			sourceTree = "<group>";
		};
/* End PBXVariantGroup section */

/* Begin XCBuildConfiguration section */
		EB11987F1533A74A00645B5F /* Debug */ = {
			isa = XCBuildConfiguration;
			buildSettings = {
				ALWAYS_SEARCH_USER_PATHS = NO;
				ARCHS = "$(ARCHS_STANDARD_32_BIT)";
				CLANG_ENABLE_OBJC_ARC = YES;
				"CODE_SIGN_IDENTITY[sdk=iphoneos*]" = "iPhone Developer";
				COPY_PHASE_STRIP = NO;
				GCC_C_LANGUAGE_STANDARD = gnu99;
				GCC_DYNAMIC_NO_PIC = NO;
				GCC_OPTIMIZATION_LEVEL = 0;
				GCC_PREPROCESSOR_DEFINITIONS = (
					"DEBUG=1",
					"$(inherited)",
				);
				GCC_SYMBOLS_PRIVATE_EXTERN = NO;
				GCC_VERSION = com.apple.compilers.llvm.clang.1_0;
				GCC_WARN_ABOUT_RETURN_TYPE = YES;
				GCC_WARN_UNINITIALIZED_AUTOS = YES;
				GCC_WARN_UNUSED_VARIABLE = YES;
				IPHONEOS_DEPLOYMENT_TARGET = 5.1;
				SDKROOT = iphoneos;
				TARGETED_DEVICE_FAMILY = "1,2";
			};
			name = Debug;
		};
		EB1198801533A74A00645B5F /* Release */ = {
			isa = XCBuildConfiguration;
			buildSettings = {
				ALWAYS_SEARCH_USER_PATHS = NO;
				ARCHS = "$(ARCHS_STANDARD_32_BIT)";
				CLANG_ENABLE_OBJC_ARC = YES;
				"CODE_SIGN_IDENTITY[sdk=iphoneos*]" = "iPhone Developer";
				COPY_PHASE_STRIP = YES;
				GCC_C_LANGUAGE_STANDARD = gnu99;
				GCC_VERSION = com.apple.compilers.llvm.clang.1_0;
				GCC_WARN_ABOUT_RETURN_TYPE = YES;
				GCC_WARN_UNINITIALIZED_AUTOS = YES;
				GCC_WARN_UNUSED_VARIABLE = YES;
				IPHONEOS_DEPLOYMENT_TARGET = 5.1;
				OTHER_CFLAGS = "-DNS_BLOCK_ASSERTIONS=1";
				SDKROOT = iphoneos;
				TARGETED_DEVICE_FAMILY = "1,2";
				VALIDATE_PRODUCT = YES;
			};
			name = Release;
		};
		EB1198821533A74A00645B5F /* Debug */ = {
			isa = XCBuildConfiguration;
			buildSettings = {
				ALWAYS_SEARCH_USER_PATHS = YES;
				GCC_PRECOMPILE_PREFIX_HEADER = YES;
				GCC_PREFIX_HEADER = "EESC-JR/EESC-JR-Prefix.pch";
				INFOPLIST_FILE = "EESC-JR/EESC-JR-Info.plist";
				OTHER_LDFLAGS = "-ObjC";
				PRODUCT_NAME = "$(TARGET_NAME)";
				USER_HEADER_SEARCH_PATHS = "\"${PROJECT_DIR}/QuickDialog\"/**";
				WRAPPER_EXTENSION = app;
			};
			name = Debug;
		};
		EB1198831533A74A00645B5F /* Release */ = {
			isa = XCBuildConfiguration;
			buildSettings = {
				ALWAYS_SEARCH_USER_PATHS = YES;
				GCC_PRECOMPILE_PREFIX_HEADER = YES;
				GCC_PREFIX_HEADER = "EESC-JR/EESC-JR-Prefix.pch";
				INFOPLIST_FILE = "EESC-JR/EESC-JR-Info.plist";
				OTHER_LDFLAGS = "-ObjC";
				PRODUCT_NAME = "$(TARGET_NAME)";
				USER_HEADER_SEARCH_PATHS = "\"${PROJECT_DIR}/QuickDialog\"/**";
				WRAPPER_EXTENSION = app;
			};
			name = Release;
		};
/* End XCBuildConfiguration section */

/* Begin XCConfigurationList section */
		EB1198491533A74A00645B5F /* Build configuration list for PBXProject "EESC-JR" */ = {
			isa = XCConfigurationList;
			buildConfigurations = (
				EB11987F1533A74A00645B5F /* Debug */,
				EB1198801533A74A00645B5F /* Release */,
			);
			defaultConfigurationIsVisible = 0;
			defaultConfigurationName = Release;
		};
		EB1198811533A74A00645B5F /* Build configuration list for PBXNativeTarget "EESC-JR" */ = {
			isa = XCConfigurationList;
			buildConfigurations = (
				EB1198821533A74A00645B5F /* Debug */,
				EB1198831533A74A00645B5F /* Release */,
			);
			defaultConfigurationIsVisible = 0;
			defaultConfigurationName = Release;
		};
/* End XCConfigurationList section */
	};
	rootObject = EB1198461533A74A00645B5F /* Project object */;
}
